
Microsoft Visual Studio Solution File, Format Version 12.00
# Visual Studio Version 17
VisualStudioVersion = 17.9.34622.214
MinimumVisualStudioVersion = 10.0.40219.1
Project("{FAE04EC0-301F-11D3-BF4B-00C04F79EFBC}") = "Lab11WpfApp1", "Lab11WpfApp1\Lab11WpfApp1.csproj", "{0CA1E407-5947-439A-BEB3-2014A2AC0976}"
EndProject
Global
	GlobalSection(SolutionConfigurationPlatforms) = preSolution
		Debug|Any CPU = Debug|Any CPU
		Release|Any CPU = Release|Any CPU
	EndGlobalSection
	GlobalSection(ProjectConfigurationPlatforms) = postSolution
		{0CA1E407-5947-439A-BEB3-2014A2AC0976}.Debug|Any CPU.ActiveCfg = Debug|Any CPU
		{0CA1E407-5947-439A-BEB3-2014A2AC0976}.Debug|Any CPU.Build.0 = Debug|Any CPU
		{0CA1E407-5947-439A-BEB3-2014A2AC0976}.Release|Any CPU.ActiveCfg = Release|Any CPU
		{0CA1E407-5947-439A-BEB3-2014A2AC0976}.Release|Any CPU.Build.0 = Release|Any CPU
	EndGlobalSection
	GlobalSection(SolutionProperties) = preSolution
		HideSolutionNode = FALSE
	EndGlobalSection
	GlobalSection(ExtensibilityGlobals) = postSolution
		SolutionGuid = {E2513592-6420-4E4B-B5F5-F471B6EA297C}
	EndGlobalSection
EndGlobal
